// !$*UTF8*$!
{
	archiveVersion = 1;
	classes = {
	};
	objectVersion = 46;
	objects = {

/* Begin PBXBuildFile section */
		FC570EC1190EE2C900519802 /* Foundation.framework in Frameworks */ = {isa = PBXBuildFile; fileRef = FC570EC0190EE2C900519802 /* Foundation.framework */; };
		FC570EC3190EE2C900519802 /* CoreGraphics.framework in Frameworks */ = {isa = PBXBuildFile; fileRef = FC570EC2190EE2C900519802 /* CoreGraphics.framework */; };
		FC570EC5190EE2C900519802 /* UIKit.framework in Frameworks */ = {isa = PBXBuildFile; fileRef = FC570EC4190EE2C900519802 /* UIKit.framework */; };
		FC570ECB190EE2C900519802 /* InfoPlist.strings in Resources */ = {isa = PBXBuildFile; fileRef = FC570EC9190EE2C900519802 /* InfoPlist.strings */; };
		FC570ECD190EE2C900519802 /* main.m in Sources */ = {isa = PBXBuildFile; fileRef = FC570ECC190EE2C900519802 /* main.m */; };
		FC570ED1190EE2C900519802 /* AppDelegate.m in Sources */ = {isa = PBXBuildFile; fileRef = FC570ED0190EE2C900519802 /* AppDelegate.m */; };
		FC570ED4190EE2C900519802 /* Main.storyboard in Resources */ = {isa = PBXBuildFile; fileRef = FC570ED2190EE2C900519802 /* Main.storyboard */; };
		FC570ED7190EE2C900519802 /* ViewController.m in Sources */ = {isa = PBXBuildFile; fileRef = FC570ED6190EE2C900519802 /* ViewController.m */; };
		FC570ED9190EE2C900519802 /* Images.xcassets in Resources */ = {isa = PBXBuildFile; fileRef = FC570ED8190EE2C900519802 /* Images.xcassets */; };
		FC570EE0190EE2C900519802 /* XCTest.framework in Frameworks */ = {isa = PBXBuildFile; fileRef = FC570EDF190EE2C900519802 /* XCTest.framework */; };
		FC570EE1190EE2C900519802 /* Foundation.framework in Frameworks */ = {isa = PBXBuildFile; fileRef = FC570EC0190EE2C900519802 /* Foundation.framework */; };
		FC570EE2190EE2C900519802 /* UIKit.framework in Frameworks */ = {isa = PBXBuildFile; fileRef = FC570EC4190EE2C900519802 /* UIKit.framework */; };
		FC570EEA190EE2C900519802 /* InfoPlist.strings in Resources */ = {isa = PBXBuildFile; fileRef = FC570EE8190EE2C900519802 /* InfoPlist.strings */; };
		FC570EEC190EE2C900519802 /* RoutineTests.m in Sources */ = {isa = PBXBuildFile; fileRef = FC570EEB190EE2C900519802 /* RoutineTests.m */; };
		FC570EF6190EE2D300519802 /* Parse.framework in Frameworks */ = {isa = PBXBuildFile; fileRef = FC570EF5190EE2D200519802 /* Parse.framework */; };
		FC570F00190EE32300519802 /* AudioToolbox.framework in Frameworks */ = {isa = PBXBuildFile; fileRef = FC570EF7190EE32300519802 /* AudioToolbox.framework */; };
		FC570F01190EE32300519802 /* CFNetwork.framework in Frameworks */ = {isa = PBXBuildFile; fileRef = FC570EF8190EE32300519802 /* CFNetwork.framework */; };
		FC570F02190EE32300519802 /* CoreLocation.framework in Frameworks */ = {isa = PBXBuildFile; fileRef = FC570EF9190EE32300519802 /* CoreLocation.framework */; };
		FC570F03190EE32300519802 /* libz.dylib in Frameworks */ = {isa = PBXBuildFile; fileRef = FC570EFA190EE32300519802 /* libz.dylib */; };
		FC570F04190EE32300519802 /* MobileCoreServices.framework in Frameworks */ = {isa = PBXBuildFile; fileRef = FC570EFB190EE32300519802 /* MobileCoreServices.framework */; };
		FC570F05190EE32300519802 /* QuartzCore.framework in Frameworks */ = {isa = PBXBuildFile; fileRef = FC570EFC190EE32300519802 /* QuartzCore.framework */; };
		FC570F06190EE32300519802 /* Security.framework in Frameworks */ = {isa = PBXBuildFile; fileRef = FC570EFD190EE32300519802 /* Security.framework */; };
		FC570F07190EE32300519802 /* StoreKit.framework in Frameworks */ = {isa = PBXBuildFile; fileRef = FC570EFE190EE32300519802 /* StoreKit.framework */; };
		FC570F08190EE32300519802 /* SystemConfiguration.framework in Frameworks */ = {isa = PBXBuildFile; fileRef = FC570EFF190EE32300519802 /* SystemConfiguration.framework */; };
		FC570F12190EE37800519802 /* lake copy.jpg in Resources */ = {isa = PBXBuildFile; fileRef = FC570F09190EE37800519802 /* lake copy.jpg */; };
		FC570F13190EE37800519802 /* icon-ios7-heart.png in Resources */ = {isa = PBXBuildFile; fileRef = FC570F0A190EE37800519802 /* icon-ios7-heart.png */; };
		FC570F14190EE37800519802 /* icon-ios7-drag.png in Resources */ = {isa = PBXBuildFile; fileRef = FC570F0B190EE37800519802 /* icon-ios7-drag.png */; };
		FC570F15190EE37800519802 /* Logos-Soundcloud-icon.png in Resources */ = {isa = PBXBuildFile; fileRef = FC570F0C190EE37800519802 /* Logos-Soundcloud-icon.png */; };
		FC570F16190EE37800519802 /* icon-social-facebook-outline.png in Resources */ = {isa = PBXBuildFile; fileRef = FC570F0D190EE37800519802 /* icon-social-facebook-outline.png */; };
		FC570F17190EE37800519802 /* icon-social-facebook.png in Resources */ = {isa = PBXBuildFile; fileRef = FC570F0E190EE37800519802 /* icon-social-facebook.png */; };
		FC570F18190EE37800519802 /* icon-social-tumblr.png in Resources */ = {isa = PBXBuildFile; fileRef = FC570F0F190EE37800519802 /* icon-social-tumblr.png */; };
		FC570F19190EE37800519802 /* icon-social-twitter.png in Resources */ = {isa = PBXBuildFile; fileRef = FC570F10190EE37800519802 /* icon-social-twitter.png */; };
		FC570F1A190EE37800519802 /* wankelmut_benwolf1.jpg in Resources */ = {isa = PBXBuildFile; fileRef = FC570F11190EE37800519802 /* wankelmut_benwolf1.jpg */; };
		FC570F20190EE3BC00519802 /* MSSlidingPanelController.m in Sources */ = {isa = PBXBuildFile; fileRef = FC570F1D190EE3BC00519802 /* MSSlidingPanelController.m */; };
		FC570F21190EE3BC00519802 /* MSViewControllerSlidingPanel.m in Sources */ = {isa = PBXBuildFile; fileRef = FC570F1F190EE3BC00519802 /* MSViewControllerSlidingPanel.m */; };
		FC570F24190EE3D000519802 /* EmptySegue.m in Sources */ = {isa = PBXBuildFile; fileRef = FC570F23190EE3D000519802 /* EmptySegue.m */; };
		FC570F29190EE41400519802 /* SavedTableViewController.m in Sources */ = {isa = PBXBuildFile; fileRef = FC570F26190EE41400519802 /* SavedTableViewController.m */; };
		FC570F2A190EE41400519802 /* ArtistViewController.m in Sources */ = {isa = PBXBuildFile; fileRef = FC570F28190EE41400519802 /* ArtistViewController.m */; };
		FC8B75031916A97F00FABEBC /* Slice 1.png in Resources */ = {isa = PBXBuildFile; fileRef = FC8B75021916A97F00FABEBC /* Slice 1.png */; };
		FC8B75051916AA1600FABEBC /* play.png in Resources */ = {isa = PBXBuildFile; fileRef = FC8B75041916AA1600FABEBC /* play.png */; };
		FC8B75071916AAD500FABEBC /* heart.png in Resources */ = {isa = PBXBuildFile; fileRef = FC8B75061916AAD500FABEBC /* heart.png */; };
		FC8B75091916AC5E00FABEBC /* x.png in Resources */ = {isa = PBXBuildFile; fileRef = FC8B75081916AC5E00FABEBC /* x.png */; };
		FC8B750B1916AC6300FABEBC /* plus.png in Resources */ = {isa = PBXBuildFile; fileRef = FC8B750A1916AC6300FABEBC /* plus.png */; };
		FC8B750D1916AD8E00FABEBC /* wklmt.png in Resources */ = {isa = PBXBuildFile; fileRef = FC8B750C1916AD8E00FABEBC /* wklmt.png */; };
		FC8B75131916C0F100FABEBC /* CODE Bold.otf in Resources */ = {isa = PBXBuildFile; fileRef = FC8B750F1916C0F100FABEBC /* CODE Bold.otf */; };
		FC8B75141916C0F100FABEBC /* CODE Light.otf in Resources */ = {isa = PBXBuildFile; fileRef = FC8B75101916C0F100FABEBC /* CODE Light.otf */; };
		FC8B75151916C0F100FABEBC /* Full Version from here.txt in Resources */ = {isa = PBXBuildFile; fileRef = FC8B75111916C0F100FABEBC /* Full Version from here.txt */; };
		FC8B75161916C0F100FABEBC /* Intro Specimen.pdf in Resources */ = {isa = PBXBuildFile; fileRef = FC8B75121916C0F100FABEBC /* Intro Specimen.pdf */; };
		FC8B75181916C88000FABEBC /* pause.png in Resources */ = {isa = PBXBuildFile; fileRef = FC8B75171916C88000FABEBC /* pause.png */; };
		FC8B751A1916CD6900FABEBC /* liked.png in Resources */ = {isa = PBXBuildFile; fileRef = FC8B75191916CD6900FABEBC /* liked.png */; };
		FC8B751D1916D32300FABEBC /* TWRProgressView.m in Sources */ = {isa = PBXBuildFile; fileRef = FC8B751C1916D32300FABEBC /* TWRProgressView.m */; };
/* End PBXBuildFile section */

/* Begin PBXContainerItemProxy section */
		FC570EE3190EE2C900519802 /* PBXContainerItemProxy */ = {
			isa = PBXContainerItemProxy;
			containerPortal = FC570EB5190EE2C900519802 /* Project object */;
			proxyType = 1;
			remoteGlobalIDString = FC570EBC190EE2C900519802;
			remoteInfo = Routine;
		};
/* End PBXContainerItemProxy section */

/* Begin PBXFileReference section */
		FC570EBD190EE2C900519802 /* Routine.app */ = {isa = PBXFileReference; explicitFileType = wrapper.application; includeInIndex = 0; path = Routine.app; sourceTree = BUILT_PRODUCTS_DIR; };
		FC570EC0190EE2C900519802 /* Foundation.framework */ = {isa = PBXFileReference; lastKnownFileType = wrapper.framework; name = Foundation.framework; path = System/Library/Frameworks/Foundation.framework; sourceTree = SDKROOT; };
		FC570EC2190EE2C900519802 /* CoreGraphics.framework */ = {isa = PBXFileReference; lastKnownFileType = wrapper.framework; name = CoreGraphics.framework; path = System/Library/Frameworks/CoreGraphics.framework; sourceTree = SDKROOT; };
		FC570EC4190EE2C900519802 /* UIKit.framework */ = {isa = PBXFileReference; lastKnownFileType = wrapper.framework; name = UIKit.framework; path = System/Library/Frameworks/UIKit.framework; sourceTree = SDKROOT; };
		FC570EC8190EE2C900519802 /* Routine-Info.plist */ = {isa = PBXFileReference; lastKnownFileType = text.plist.xml; path = "Routine-Info.plist"; sourceTree = "<group>"; };
		FC570ECA190EE2C900519802 /* en */ = {isa = PBXFileReference; lastKnownFileType = text.plist.strings; name = en; path = en.lproj/InfoPlist.strings; sourceTree = "<group>"; };
		FC570ECC190EE2C900519802 /* main.m */ = {isa = PBXFileReference; lastKnownFileType = sourcecode.c.objc; path = main.m; sourceTree = "<group>"; };
		FC570ECE190EE2C900519802 /* Routine-Prefix.pch */ = {isa = PBXFileReference; lastKnownFileType = sourcecode.c.h; path = "Routine-Prefix.pch"; sourceTree = "<group>"; };
		FC570ECF190EE2C900519802 /* AppDelegate.h */ = {isa = PBXFileReference; lastKnownFileType = sourcecode.c.h; path = AppDelegate.h; sourceTree = "<group>"; };
		FC570ED0190EE2C900519802 /* AppDelegate.m */ = {isa = PBXFileReference; lastKnownFileType = sourcecode.c.objc; path = AppDelegate.m; sourceTree = "<group>"; };
		FC570ED3190EE2C900519802 /* Base */ = {isa = PBXFileReference; lastKnownFileType = file.storyboard; name = Base; path = Base.lproj/Main.storyboard; sourceTree = "<group>"; };
		FC570ED5190EE2C900519802 /* ViewController.h */ = {isa = PBXFileReference; lastKnownFileType = sourcecode.c.h; path = ViewController.h; sourceTree = "<group>"; };
		FC570ED6190EE2C900519802 /* ViewController.m */ = {isa = PBXFileReference; lastKnownFileType = sourcecode.c.objc; path = ViewController.m; sourceTree = "<group>"; };
		FC570ED8190EE2C900519802 /* Images.xcassets */ = {isa = PBXFileReference; lastKnownFileType = folder.assetcatalog; path = Images.xcassets; sourceTree = "<group>"; };
		FC570EDE190EE2C900519802 /* RoutineTests.xctest */ = {isa = PBXFileReference; explicitFileType = wrapper.cfbundle; includeInIndex = 0; path = RoutineTests.xctest; sourceTree = BUILT_PRODUCTS_DIR; };
		FC570EDF190EE2C900519802 /* XCTest.framework */ = {isa = PBXFileReference; lastKnownFileType = wrapper.framework; name = XCTest.framework; path = Library/Frameworks/XCTest.framework; sourceTree = DEVELOPER_DIR; };
		FC570EE7190EE2C900519802 /* RoutineTests-Info.plist */ = {isa = PBXFileReference; lastKnownFileType = text.plist.xml; path = "RoutineTests-Info.plist"; sourceTree = "<group>"; };
		FC570EE9190EE2C900519802 /* en */ = {isa = PBXFileReference; lastKnownFileType = text.plist.strings; name = en; path = en.lproj/InfoPlist.strings; sourceTree = "<group>"; };
		FC570EEB190EE2C900519802 /* RoutineTests.m */ = {isa = PBXFileReference; lastKnownFileType = sourcecode.c.objc; path = RoutineTests.m; sourceTree = "<group>"; };
		FC570EF5190EE2D200519802 /* Parse.framework */ = {isa = PBXFileReference; lastKnownFileType = wrapper.framework; path = Parse.framework; sourceTree = "<group>"; };
		FC570EF7190EE32300519802 /* AudioToolbox.framework */ = {isa = PBXFileReference; lastKnownFileType = wrapper.framework; name = AudioToolbox.framework; path = System/Library/Frameworks/AudioToolbox.framework; sourceTree = SDKROOT; };
		FC570EF8190EE32300519802 /* CFNetwork.framework */ = {isa = PBXFileReference; lastKnownFileType = wrapper.framework; name = CFNetwork.framework; path = System/Library/Frameworks/CFNetwork.framework; sourceTree = SDKROOT; };
		FC570EF9190EE32300519802 /* CoreLocation.framework */ = {isa = PBXFileReference; lastKnownFileType = wrapper.framework; name = CoreLocation.framework; path = System/Library/Frameworks/CoreLocation.framework; sourceTree = SDKROOT; };
		FC570EFA190EE32300519802 /* libz.dylib */ = {isa = PBXFileReference; lastKnownFileType = "compiled.mach-o.dylib"; name = libz.dylib; path = usr/lib/libz.dylib; sourceTree = SDKROOT; };
		FC570EFB190EE32300519802 /* MobileCoreServices.framework */ = {isa = PBXFileReference; lastKnownFileType = wrapper.framework; name = MobileCoreServices.framework; path = System/Library/Frameworks/MobileCoreServices.framework; sourceTree = SDKROOT; };
		FC570EFC190EE32300519802 /* QuartzCore.framework */ = {isa = PBXFileReference; lastKnownFileType = wrapper.framework; name = QuartzCore.framework; path = System/Library/Frameworks/QuartzCore.framework; sourceTree = SDKROOT; };
		FC570EFD190EE32300519802 /* Security.framework */ = {isa = PBXFileReference; lastKnownFileType = wrapper.framework; name = Security.framework; path = System/Library/Frameworks/Security.framework; sourceTree = SDKROOT; };
		FC570EFE190EE32300519802 /* StoreKit.framework */ = {isa = PBXFileReference; lastKnownFileType = wrapper.framework; name = StoreKit.framework; path = System/Library/Frameworks/StoreKit.framework; sourceTree = SDKROOT; };
		FC570EFF190EE32300519802 /* SystemConfiguration.framework */ = {isa = PBXFileReference; lastKnownFileType = wrapper.framework; name = SystemConfiguration.framework; path = System/Library/Frameworks/SystemConfiguration.framework; sourceTree = SDKROOT; };
		FC570F09190EE37800519802 /* lake copy.jpg */ = {isa = PBXFileReference; lastKnownFileType = image.jpeg; path = "lake copy.jpg"; sourceTree = "<group>"; };
		FC570F0A190EE37800519802 /* icon-ios7-heart.png */ = {isa = PBXFileReference; lastKnownFileType = image.png; path = "icon-ios7-heart.png"; sourceTree = "<group>"; };
		FC570F0B190EE37800519802 /* icon-ios7-drag.png */ = {isa = PBXFileReference; lastKnownFileType = image.png; path = "icon-ios7-drag.png"; sourceTree = "<group>"; };
		FC570F0C190EE37800519802 /* Logos-Soundcloud-icon.png */ = {isa = PBXFileReference; lastKnownFileType = image.png; path = "Logos-Soundcloud-icon.png"; sourceTree = "<group>"; };
		FC570F0D190EE37800519802 /* icon-social-facebook-outline.png */ = {isa = PBXFileReference; lastKnownFileType = image.png; path = "icon-social-facebook-outline.png"; sourceTree = "<group>"; };
		FC570F0E190EE37800519802 /* icon-social-facebook.png */ = {isa = PBXFileReference; lastKnownFileType = image.png; path = "icon-social-facebook.png"; sourceTree = "<group>"; };
		FC570F0F190EE37800519802 /* icon-social-tumblr.png */ = {isa = PBXFileReference; lastKnownFileType = image.png; path = "icon-social-tumblr.png"; sourceTree = "<group>"; };
		FC570F10190EE37800519802 /* icon-social-twitter.png */ = {isa = PBXFileReference; lastKnownFileType = image.png; path = "icon-social-twitter.png"; sourceTree = "<group>"; };
		FC570F11190EE37800519802 /* wankelmut_benwolf1.jpg */ = {isa = PBXFileReference; lastKnownFileType = image.jpeg; path = wankelmut_benwolf1.jpg; sourceTree = "<group>"; };
		FC570F1C190EE3BC00519802 /* MSSlidingPanelController.h */ = {isa = PBXFileReference; fileEncoding = 4; lastKnownFileType = sourcecode.c.h; path = MSSlidingPanelController.h; sourceTree = "<group>"; };
		FC570F1D190EE3BC00519802 /* MSSlidingPanelController.m */ = {isa = PBXFileReference; fileEncoding = 4; lastKnownFileType = sourcecode.c.objc; path = MSSlidingPanelController.m; sourceTree = "<group>"; };
		FC570F1E190EE3BC00519802 /* MSViewControllerSlidingPanel.h */ = {isa = PBXFileReference; fileEncoding = 4; lastKnownFileType = sourcecode.c.h; path = MSViewControllerSlidingPanel.h; sourceTree = "<group>"; };
		FC570F1F190EE3BC00519802 /* MSViewControllerSlidingPanel.m */ = {isa = PBXFileReference; fileEncoding = 4; lastKnownFileType = sourcecode.c.objc; path = MSViewControllerSlidingPanel.m; sourceTree = "<group>"; };
		FC570F22190EE3D000519802 /* EmptySegue.h */ = {isa = PBXFileReference; fileEncoding = 4; lastKnownFileType = sourcecode.c.h; path = EmptySegue.h; sourceTree = "<group>"; };
		FC570F23190EE3D000519802 /* EmptySegue.m */ = {isa = PBXFileReference; fileEncoding = 4; lastKnownFileType = sourcecode.c.objc; path = EmptySegue.m; sourceTree = "<group>"; };
		FC570F25190EE41400519802 /* SavedTableViewController.h */ = {isa = PBXFileReference; fileEncoding = 4; lastKnownFileType = sourcecode.c.h; name = SavedTableViewController.h; path = MSSlidingPanelController/SavedTableViewController.h; sourceTree = "<group>"; };
		FC570F26190EE41400519802 /* SavedTableViewController.m */ = {isa = PBXFileReference; fileEncoding = 4; lastKnownFileType = sourcecode.c.objc; name = SavedTableViewController.m; path = MSSlidingPanelController/SavedTableViewController.m; sourceTree = "<group>"; };
		FC570F27190EE41400519802 /* ArtistViewController.h */ = {isa = PBXFileReference; fileEncoding = 4; lastKnownFileType = sourcecode.c.h; name = ArtistViewController.h; path = MSSlidingPanelController/ArtistViewController.h; sourceTree = "<group>"; };
		FC570F28190EE41400519802 /* ArtistViewController.m */ = {isa = PBXFileReference; fileEncoding = 4; lastKnownFileType = sourcecode.c.objc; name = ArtistViewController.m; path = MSSlidingPanelController/ArtistViewController.m; sourceTree = "<group>"; };
		FC8B75021916A97F00FABEBC /* Slice 1.png */ = {isa = PBXFileReference; lastKnownFileType = image.png; path = "Slice 1.png"; sourceTree = "<group>"; };
		FC8B75041916AA1600FABEBC /* play.png */ = {isa = PBXFileReference; lastKnownFileType = image.png; path = play.png; sourceTree = "<group>"; };
		FC8B75061916AAD500FABEBC /* heart.png */ = {isa = PBXFileReference; lastKnownFileType = image.png; path = heart.png; sourceTree = "<group>"; };
		FC8B75081916AC5E00FABEBC /* x.png */ = {isa = PBXFileReference; lastKnownFileType = image.png; path = x.png; sourceTree = "<group>"; };
		FC8B750A1916AC6300FABEBC /* plus.png */ = {isa = PBXFileReference; lastKnownFileType = image.png; path = plus.png; sourceTree = "<group>"; };
		FC8B750C1916AD8E00FABEBC /* wklmt.png */ = {isa = PBXFileReference; lastKnownFileType = image.png; path = wklmt.png; sourceTree = "<group>"; };
		FC8B750F1916C0F100FABEBC /* CODE Bold.otf */ = {isa = PBXFileReference; lastKnownFileType = file; path = "CODE Bold.otf"; sourceTree = "<group>"; };
		FC8B75101916C0F100FABEBC /* CODE Light.otf */ = {isa = PBXFileReference; lastKnownFileType = file; path = "CODE Light.otf"; sourceTree = "<group>"; };
		FC8B75111916C0F100FABEBC /* Full Version from here.txt */ = {isa = PBXFileReference; fileEncoding = 4; lastKnownFileType = text; path = "Full Version from here.txt"; sourceTree = "<group>"; };
		FC8B75121916C0F100FABEBC /* Intro Specimen.pdf */ = {isa = PBXFileReference; lastKnownFileType = image.pdf; path = "Intro Specimen.pdf"; sourceTree = "<group>"; };
		FC8B75171916C88000FABEBC /* pause.png */ = {isa = PBXFileReference; lastKnownFileType = image.png; name = pause.png; path = code/pause.png; sourceTree = "<group>"; };
		FC8B75191916CD6900FABEBC /* liked.png */ = {isa = PBXFileReference; lastKnownFileType = image.png; path = liked.png; sourceTree = "<group>"; };
		FC8B751B1916D32300FABEBC /* TWRProgressView.h */ = {isa = PBXFileReference; fileEncoding = 4; lastKnownFileType = sourcecode.c.h; path = TWRProgressView.h; sourceTree = "<group>"; };
		FC8B751C1916D32300FABEBC /* TWRProgressView.m */ = {isa = PBXFileReference; fileEncoding = 4; lastKnownFileType = sourcecode.c.objc; path = TWRProgressView.m; sourceTree = "<group>"; };
/* End PBXFileReference section */

/* Begin PBXFrameworksBuildPhase section */
		FC570EBA190EE2C900519802 /* Frameworks */ = {
			isa = PBXFrameworksBuildPhase;
			buildActionMask = 2147483647;
			files = (
				FC570F00190EE32300519802 /* AudioToolbox.framework in Frameworks */,
				FC570F01190EE32300519802 /* CFNetwork.framework in Frameworks */,
				FC570F02190EE32300519802 /* CoreLocation.framework in Frameworks */,
				FC570F03190EE32300519802 /* libz.dylib in Frameworks */,
				FC570F04190EE32300519802 /* MobileCoreServices.framework in Frameworks */,
				FC570F05190EE32300519802 /* QuartzCore.framework in Frameworks */,
				FC570F06190EE32300519802 /* Security.framework in Frameworks */,
				FC570F07190EE32300519802 /* StoreKit.framework in Frameworks */,
				FC570F08190EE32300519802 /* SystemConfiguration.framework in Frameworks */,
				FC570EC3190EE2C900519802 /* CoreGraphics.framework in Frameworks */,
				FC570EC5190EE2C900519802 /* UIKit.framework in Frameworks */,
				FC570EF6190EE2D300519802 /* Parse.framework in Frameworks */,
				FC570EC1190EE2C900519802 /* Foundation.framework in Frameworks */,
			);
			runOnlyForDeploymentPostprocessing = 0;
		};
		FC570EDB190EE2C900519802 /* Frameworks */ = {
			isa = PBXFrameworksBuildPhase;
			buildActionMask = 2147483647;
			files = (
				FC570EE0190EE2C900519802 /* XCTest.framework in Frameworks */,
				FC570EE2190EE2C900519802 /* UIKit.framework in Frameworks */,
				FC570EE1190EE2C900519802 /* Foundation.framework in Frameworks */,
			);
			runOnlyForDeploymentPostprocessing = 0;
		};
/* End PBXFrameworksBuildPhase section */

/* Begin PBXGroup section */
		FC570EB4190EE2C900519802 = {
			isa = PBXGroup;
			children = (
				FC570EC6190EE2C900519802 /* Routine */,
				FC570EE5190EE2C900519802 /* RoutineTests */,
				FC570EBF190EE2C900519802 /* Frameworks */,
				FC570EBE190EE2C900519802 /* Products */,
			);
			sourceTree = "<group>";
		};
		FC570EBE190EE2C900519802 /* Products */ = {
			isa = PBXGroup;
			children = (
				FC570EBD190EE2C900519802 /* Routine.app */,
				FC570EDE190EE2C900519802 /* RoutineTests.xctest */,
			);
			name = Products;
			sourceTree = "<group>";
		};
		FC570EBF190EE2C900519802 /* Frameworks */ = {
			isa = PBXGroup;
			children = (
				FC570EF7190EE32300519802 /* AudioToolbox.framework */,
				FC570EF8190EE32300519802 /* CFNetwork.framework */,
				FC570EF9190EE32300519802 /* CoreLocation.framework */,
				FC570EFA190EE32300519802 /* libz.dylib */,
				FC570EFB190EE32300519802 /* MobileCoreServices.framework */,
				FC570EFC190EE32300519802 /* QuartzCore.framework */,
				FC570EFD190EE32300519802 /* Security.framework */,
				FC570EFE190EE32300519802 /* StoreKit.framework */,
				FC570EFF190EE32300519802 /* SystemConfiguration.framework */,
				FC570EF5190EE2D200519802 /* Parse.framework */,
				FC570EC0190EE2C900519802 /* Foundation.framework */,
				FC570EC2190EE2C900519802 /* CoreGraphics.framework */,
				FC570EC4190EE2C900519802 /* UIKit.framework */,
				FC570EDF190EE2C900519802 /* XCTest.framework */,
			);
			name = Frameworks;
			sourceTree = "<group>";
		};
		FC570EC6190EE2C900519802 /* Routine */ = {
			isa = PBXGroup;
			children = (
				FC8B751E1916D32700FABEBC /* TWRProgressView */,
				FC570F1B190EE3BC00519802 /* MSSlidingPanelController */,
				FC570ED2190EE2C900519802 /* Main.storyboard */,
				FC570F25190EE41400519802 /* SavedTableViewController.h */,
				FC570F26190EE41400519802 /* SavedTableViewController.m */,
				FC570ECF190EE2C900519802 /* AppDelegate.h */,
				FC570ED0190EE2C900519802 /* AppDelegate.m */,
				FC570F27190EE41400519802 /* ArtistViewController.h */,
				FC570F28190EE41400519802 /* ArtistViewController.m */,
				FC570ED5190EE2C900519802 /* ViewController.h */,
				FC570ED6190EE2C900519802 /* ViewController.m */,
				FC570ED8190EE2C900519802 /* Images.xcassets */,
				FC570EC7190EE2C900519802 /* Supporting Files */,
			);
			path = Routine;
			sourceTree = "<group>";
		};
		FC570EC7190EE2C900519802 /* Supporting Files */ = {
			isa = PBXGroup;
			children = (
				FC8B75191916CD6900FABEBC /* liked.png */,
				FC8B75171916C88000FABEBC /* pause.png */,
				FC8B750E1916C0F100FABEBC /* code */,
				FC8B750C1916AD8E00FABEBC /* wklmt.png */,
				FC8B750A1916AC6300FABEBC /* plus.png */,
				FC8B75081916AC5E00FABEBC /* x.png */,
				FC8B75061916AAD500FABEBC /* heart.png */,
				FC8B75041916AA1600FABEBC /* play.png */,
				FC8B75021916A97F00FABEBC /* Slice 1.png */,
				FC570F09190EE37800519802 /* lake copy.jpg */,
				FC570F0A190EE37800519802 /* icon-ios7-heart.png */,
				FC570F0B190EE37800519802 /* icon-ios7-drag.png */,
				FC570F0C190EE37800519802 /* Logos-Soundcloud-icon.png */,
				FC570F0D190EE37800519802 /* icon-social-facebook-outline.png */,
				FC570F0E190EE37800519802 /* icon-social-facebook.png */,
				FC570F0F190EE37800519802 /* icon-social-tumblr.png */,
				FC570F10190EE37800519802 /* icon-social-twitter.png */,
				FC570F11190EE37800519802 /* wankelmut_benwolf1.jpg */,
				FC570EC8190EE2C900519802 /* Routine-Info.plist */,
				FC570EC9190EE2C900519802 /* InfoPlist.strings */,
				FC570ECC190EE2C900519802 /* main.m */,
				FC570ECE190EE2C900519802 /* Routine-Prefix.pch */,
			);
			name = "Supporting Files";
			sourceTree = "<group>";
		};
		FC570EE5190EE2C900519802 /* RoutineTests */ = {
			isa = PBXGroup;
			children = (
				FC570EEB190EE2C900519802 /* RoutineTests.m */,
				FC570EE6190EE2C900519802 /* Supporting Files */,
			);
			path = RoutineTests;
			sourceTree = "<group>";
		};
		FC570EE6190EE2C900519802 /* Supporting Files */ = {
			isa = PBXGroup;
			children = (
				FC570EE7190EE2C900519802 /* RoutineTests-Info.plist */,
				FC570EE8190EE2C900519802 /* InfoPlist.strings */,
			);
			name = "Supporting Files";
			sourceTree = "<group>";
		};
		FC570F1B190EE3BC00519802 /* MSSlidingPanelController */ = {
			isa = PBXGroup;
			children = (
				FC570F22190EE3D000519802 /* EmptySegue.h */,
				FC570F23190EE3D000519802 /* EmptySegue.m */,
				FC570F1C190EE3BC00519802 /* MSSlidingPanelController.h */,
				FC570F1D190EE3BC00519802 /* MSSlidingPanelController.m */,
				FC570F1E190EE3BC00519802 /* MSViewControllerSlidingPanel.h */,
				FC570F1F190EE3BC00519802 /* MSViewControllerSlidingPanel.m */,
			);
			path = MSSlidingPanelController;
			sourceTree = "<group>";
		};
		FC8B750E1916C0F100FABEBC /* code */ = {
			isa = PBXGroup;
			children = (
				FC8B750F1916C0F100FABEBC /* CODE Bold.otf */,
				FC8B75101916C0F100FABEBC /* CODE Light.otf */,
				FC8B75111916C0F100FABEBC /* Full Version from here.txt */,
				FC8B75121916C0F100FABEBC /* Intro Specimen.pdf */,
			);
			path = code;
			sourceTree = "<group>";
		};
		FC8B751E1916D32700FABEBC /* TWRProgressView */ = {
			isa = PBXGroup;
			children = (
				FC8B751B1916D32300FABEBC /* TWRProgressView.h */,
				FC8B751C1916D32300FABEBC /* TWRProgressView.m */,
			);
			name = TWRProgressView;
			sourceTree = "<group>";
		};
/* End PBXGroup section */

/* Begin PBXNativeTarget section */
		FC570EBC190EE2C900519802 /* Routine */ = {
			isa = PBXNativeTarget;
			buildConfigurationList = FC570EEF190EE2C900519802 /* Build configuration list for PBXNativeTarget "Routine" */;
			buildPhases = (
				FC570EB9190EE2C900519802 /* Sources */,
				FC570EBA190EE2C900519802 /* Frameworks */,
				FC570EBB190EE2C900519802 /* Resources */,
			);
			buildRules = (
			);
			dependencies = (
			);
			name = Routine;
			productName = Routine;
			productReference = FC570EBD190EE2C900519802 /* Routine.app */;
			productType = "com.apple.product-type.application";
		};
		FC570EDD190EE2C900519802 /* RoutineTests */ = {
			isa = PBXNativeTarget;
			buildConfigurationList = FC570EF2190EE2C900519802 /* Build configuration list for PBXNativeTarget "RoutineTests" */;
			buildPhases = (
				FC570EDA190EE2C900519802 /* Sources */,
				FC570EDB190EE2C900519802 /* Frameworks */,
				FC570EDC190EE2C900519802 /* Resources */,
			);
			buildRules = (
			);
			dependencies = (
				FC570EE4190EE2C900519802 /* PBXTargetDependency */,
			);
			name = RoutineTests;
			productName = RoutineTests;
			productReference = FC570EDE190EE2C900519802 /* RoutineTests.xctest */;
			productType = "com.apple.product-type.bundle.unit-test";
		};
/* End PBXNativeTarget section */

/* Begin PBXProject section */
		FC570EB5190EE2C900519802 /* Project object */ = {
			isa = PBXProject;
			attributes = {
				LastUpgradeCheck = 0510;
				ORGANIZATIONNAME = "Dylan Bourgeois";
				TargetAttributes = {
					FC570EDD190EE2C900519802 = {
						TestTargetID = FC570EBC190EE2C900519802;
					};
				};
			};
			buildConfigurationList = FC570EB8190EE2C900519802 /* Build configuration list for PBXProject "Routine" */;
			compatibilityVersion = "Xcode 3.2";
			developmentRegion = English;
			hasScannedForEncodings = 0;
			knownRegions = (
				en,
				Base,
			);
			mainGroup = FC570EB4190EE2C900519802;
			productRefGroup = FC570EBE190EE2C900519802 /* Products */;
			projectDirPath = "";
			projectRoot = "";
			targets = (
				FC570EBC190EE2C900519802 /* Routine */,
				FC570EDD190EE2C900519802 /* RoutineTests */,
			);
		};
/* End PBXProject section */

/* Begin PBXResourcesBuildPhase section */
		FC570EBB190EE2C900519802 /* Resources */ = {
			isa = PBXResourcesBuildPhase;
			buildActionMask = 2147483647;
			files = (
				FC8B75091916AC5E00FABEBC /* x.png in Resources */,
				FC8B750B1916AC6300FABEBC /* plus.png in Resources */,
				FC570F16190EE37800519802 /* icon-social-facebook-outline.png in Resources */,
				FC570F19190EE37800519802 /* icon-social-twitter.png in Resources */,
				FC8B75161916C0F100FABEBC /* Intro Specimen.pdf in Resources */,
				FC8B751A1916CD6900FABEBC /* liked.png in Resources */,
				FC8B75141916C0F100FABEBC /* CODE Light.otf in Resources */,
				FC570F13190EE37800519802 /* icon-ios7-heart.png in Resources */,
				FC570F12190EE37800519802 /* lake copy.jpg in Resources */,
				FC570F18190EE37800519802 /* icon-social-tumblr.png in Resources */,
				FC8B75181916C88000FABEBC /* pause.png in Resources */,
				FC570F17190EE37800519802 /* icon-social-facebook.png in Resources */,
				FC8B75131916C0F100FABEBC /* CODE Bold.otf in Resources */,
				FC570F1A190EE37800519802 /* wankelmut_benwolf1.jpg in Resources */,
				FC8B75071916AAD500FABEBC /* heart.png in Resources */,
				FC8B75051916AA1600FABEBC /* play.png in Resources */,
				FC570F14190EE37800519802 /* icon-ios7-drag.png in Resources */,
				FC570ED9190EE2C900519802 /* Images.xcassets in Resources */,
				FC8B75151916C0F100FABEBC /* Full Version from here.txt in Resources */,
				FC8B750D1916AD8E00FABEBC /* wklmt.png in Resources */,
				FC570F15190EE37800519802 /* Logos-Soundcloud-icon.png in Resources */,
				FC8B75031916A97F00FABEBC /* Slice 1.png in Resources */,
				FC570ECB190EE2C900519802 /* InfoPlist.strings in Resources */,
				FC570ED4190EE2C900519802 /* Main.storyboard in Resources */,
			);
			runOnlyForDeploymentPostprocessing = 0;
		};
		FC570EDC190EE2C900519802 /* Resources */ = {
			isa = PBXResourcesBuildPhase;
			buildActionMask = 2147483647;
			files = (
				FC570EEA190EE2C900519802 /* InfoPlist.strings in Resources */,
			);
			runOnlyForDeploymentPostprocessing = 0;
		};
/* End PBXResourcesBuildPhase section */

/* Begin PBXSourcesBuildPhase section */
		FC570EB9190EE2C900519802 /* Sources */ = {
			isa = PBXSourcesBuildPhase;
			buildActionMask = 2147483647;
			files = (
				FC8B751D1916D32300FABEBC /* TWRProgressView.m in Sources */,
				FC570ED7190EE2C900519802 /* ViewController.m in Sources */,
				FC570ED1190EE2C900519802 /* AppDelegate.m in Sources */,
				FC570ECD190EE2C900519802 /* main.m in Sources */,
				FC570F24190EE3D000519802 /* EmptySegue.m in Sources */,
				FC570F21190EE3BC00519802 /* MSViewControllerSlidingPanel.m in Sources */,
				FC570F29190EE41400519802 /* SavedTableViewController.m in Sources */,
				FC570F20190EE3BC00519802 /* MSSlidingPanelController.m in Sources */,
				FC570F2A190EE41400519802 /* ArtistViewController.m in Sources */,
			);
			runOnlyForDeploymentPostprocessing = 0;
		};
		FC570EDA190EE2C900519802 /* Sources */ = {
			isa = PBXSourcesBuildPhase;
			buildActionMask = 2147483647;
			files = (
				FC570EEC190EE2C900519802 /* RoutineTests.m in Sources */,
			);
			runOnlyForDeploymentPostprocessing = 0;
		};
/* End PBXSourcesBuildPhase section */

/* Begin PBXTargetDependency section */
		FC570EE4190EE2C900519802 /* PBXTargetDependency */ = {
			isa = PBXTargetDependency;
			target = FC570EBC190EE2C900519802 /* Routine */;
			targetProxy = FC570EE3190EE2C900519802 /* PBXContainerItemProxy */;
		};
/* End PBXTargetDependency section */

/* Begin PBXVariantGroup section */
		FC570EC9190EE2C900519802 /* InfoPlist.strings */ = {
			isa = PBXVariantGroup;
			children = (
				FC570ECA190EE2C900519802 /* en */,
			);
			name = InfoPlist.strings;
			sourceTree = "<group>";
		};
		FC570ED2190EE2C900519802 /* Main.storyboard */ = {
			isa = PBXVariantGroup;
			children = (
				FC570ED3190EE2C900519802 /* Base */,
			);
			name = Main.storyboard;
			sourceTree = "<group>";
		};
		FC570EE8190EE2C900519802 /* InfoPlist.strings */ = {
			isa = PBXVariantGroup;
			children = (
				FC570EE9190EE2C900519802 /* en */,
			);
			name = InfoPlist.strings;
			sourceTree = "<group>";
		};
/* End PBXVariantGroup section */

/* Begin XCBuildConfiguration section */
		FC570EED190EE2C900519802 /* Debug */ = {
			isa = XCBuildConfiguration;
			buildSettings = {
				ALWAYS_SEARCH_USER_PATHS = NO;
				CLANG_CXX_LANGUAGE_STANDARD = "gnu++0x";
				CLANG_CXX_LIBRARY = "libc++";
				CLANG_ENABLE_MODULES = YES;
				CLANG_ENABLE_OBJC_ARC = YES;
				CLANG_WARN_BOOL_CONVERSION = YES;
				CLANG_WARN_CONSTANT_CONVERSION = YES;
				CLANG_WARN_DIRECT_OBJC_ISA_USAGE = YES_ERROR;
				CLANG_WARN_EMPTY_BODY = YES;
				CLANG_WARN_ENUM_CONVERSION = YES;
				CLANG_WARN_INT_CONVERSION = YES;
				CLANG_WARN_OBJC_ROOT_CLASS = YES_ERROR;
				CLANG_WARN__DUPLICATE_METHOD_MATCH = YES;
				"CODE_SIGN_IDENTITY[sdk=iphoneos*]" = "iPhone Developer";
				COPY_PHASE_STRIP = NO;
				GCC_C_LANGUAGE_STANDARD = gnu99;
				GCC_DYNAMIC_NO_PIC = NO;
				GCC_OPTIMIZATION_LEVEL = 0;
				GCC_PREPROCESSOR_DEFINITIONS = (
					"DEBUG=1",
					"$(inherited)",
				);
				GCC_SYMBOLS_PRIVATE_EXTERN = NO;
				GCC_WARN_64_TO_32_BIT_CONVERSION = YES;
				GCC_WARN_ABOUT_RETURN_TYPE = YES_ERROR;
				GCC_WARN_UNDECLARED_SELECTOR = YES;
				GCC_WARN_UNINITIALIZED_AUTOS = YES_AGGRESSIVE;
				GCC_WARN_UNUSED_FUNCTION = YES;
				GCC_WARN_UNUSED_VARIABLE = YES;
				IPHONEOS_DEPLOYMENT_TARGET = 7.1;
				ONLY_ACTIVE_ARCH = YES;
				SDKROOT = iphoneos;
			};
			name = Debug;
		};
		FC570EEE190EE2C900519802 /* Release */ = {
			isa = XCBuildConfiguration;
			buildSettings = {
				ALWAYS_SEARCH_USER_PATHS = NO;
				CLANG_CXX_LANGUAGE_STANDARD = "gnu++0x";
				CLANG_CXX_LIBRARY = "libc++";
				CLANG_ENABLE_MODULES = YES;
				CLANG_ENABLE_OBJC_ARC = YES;
				CLANG_WARN_BOOL_CONVERSION = YES;
				CLANG_WARN_CONSTANT_CONVERSION = YES;
				CLANG_WARN_DIRECT_OBJC_ISA_USAGE = YES_ERROR;
				CLANG_WARN_EMPTY_BODY = YES;
				CLANG_WARN_ENUM_CONVERSION = YES;
				CLANG_WARN_INT_CONVERSION = YES;
				CLANG_WARN_OBJC_ROOT_CLASS = YES_ERROR;
				CLANG_WARN__DUPLICATE_METHOD_MATCH = YES;
				"CODE_SIGN_IDENTITY[sdk=iphoneos*]" = "iPhone Developer";
				COPY_PHASE_STRIP = YES;
				ENABLE_NS_ASSERTIONS = NO;
				GCC_C_LANGUAGE_STANDARD = gnu99;
				GCC_WARN_64_TO_32_BIT_CONVERSION = YES;
				GCC_WARN_ABOUT_RETURN_TYPE = YES_ERROR;
				GCC_WARN_UNDECLARED_SELECTOR = YES;
				GCC_WARN_UNINITIALIZED_AUTOS = YES_AGGRESSIVE;
				GCC_WARN_UNUSED_FUNCTION = YES;
				GCC_WARN_UNUSED_VARIABLE = YES;
				IPHONEOS_DEPLOYMENT_TARGET = 7.1;
				SDKROOT = iphoneos;
				VALIDATE_PRODUCT = YES;
			};
			name = Release;
		};
		FC570EF0190EE2C900519802 /* Debug */ = {
			isa = XCBuildConfiguration;
			buildSettings = {
				ASSETCATALOG_COMPILER_APPICON_NAME = AppIcon;
				ASSETCATALOG_COMPILER_LAUNCHIMAGE_NAME = LaunchImage;
				FRAMEWORK_SEARCH_PATHS = (
					"$(inherited)",
					"$(PROJECT_DIR)",
				);
				GCC_PRECOMPILE_PREFIX_HEADER = YES;
				GCC_PREFIX_HEADER = "Routine/Routine-Prefix.pch";
				INFOPLIST_FILE = "Routine/Routine-Info.plist";
				PRODUCT_NAME = "$(TARGET_NAME)";
				WRAPPER_EXTENSION = app;
			};
			name = Debug;
		};
		FC570EF1190EE2C900519802 /* Release */ = {
			isa = XCBuildConfiguration;
			buildSettings = {
				ASSETCATALOG_COMPILER_APPICON_NAME = AppIcon;
				ASSETCATALOG_COMPILER_LAUNCHIMAGE_NAME = LaunchImage;
				FRAMEWORK_SEARCH_PATHS = (
					"$(inherited)",
					"$(PROJECT_DIR)",
				);
				GCC_PRECOMPILE_PREFIX_HEADER = YES;
				GCC_PREFIX_HEADER = "Routine/Routine-Prefix.pch";
				INFOPLIST_FILE = "Routine/Routine-Info.plist";
				PRODUCT_NAME = "$(TARGET_NAME)";
				WRAPPER_EXTENSION = app;
			};
			name = Release;
		};
		FC570EF3190EE2C900519802 /* Debug */ = {
			isa = XCBuildConfiguration;
			buildSettings = {
				BUNDLE_LOADER = "$(BUILT_PRODUCTS_DIR)/Routine.app/Routine";
				FRAMEWORK_SEARCH_PATHS = (
					"$(SDKROOT)/Developer/Library/Frameworks",
					"$(inherited)",
					"$(DEVELOPER_FRAMEWORKS_DIR)",
				);
				GCC_PRECOMPILE_PREFIX_HEADER = YES;
				GCC_PREFIX_HEADER = "Routine/Routine-Prefix.pch";
				GCC_PREPROCESSOR_DEFINITIONS = (
					"DEBUG=1",
					"$(inherited)",
				);
				INFOPLIST_FILE = "RoutineTests/RoutineTests-Info.plist";
				PRODUCT_NAME = "$(TARGET_NAME)";
				TEST_HOST = "$(BUNDLE_LOADER)";
				WRAPPER_EXTENSION = xctest;
			};
			name = Debug;
		};
		FC570EF4190EE2C900519802 /* Release */ = {
			isa = XCBuildConfiguration;
			buildSettings = {
				BUNDLE_LOADER = "$(BUILT_PRODUCTS_DIR)/Routine.app/Routine";
				FRAMEWORK_SEARCH_PATHS = (
					"$(SDKROOT)/Developer/Library/Frameworks",
					"$(inherited)",
					"$(DEVELOPER_FRAMEWORKS_DIR)",
				);
				GCC_PRECOMPILE_PREFIX_HEADER = YES;
				GCC_PREFIX_HEADER = "Routine/Routine-Prefix.pch";
				INFOPLIST_FILE = "RoutineTests/RoutineTests-Info.plist";
				PRODUCT_NAME = "$(TARGET_NAME)";
				TEST_HOST = "$(BUNDLE_LOADER)";
				WRAPPER_EXTENSION = xctest;
			};
			name = Release;
		};
/* End XCBuildConfiguration section */

/* Begin XCConfigurationList section */
		FC570EB8190EE2C900519802 /* Build configuration list for PBXProject "Routine" */ = {
			isa = XCConfigurationList;
			buildConfigurations = (
				FC570EED190EE2C900519802 /* Debug */,
				FC570EEE190EE2C900519802 /* Release */,
			);
			defaultConfigurationIsVisible = 0;
			defaultConfigurationName = Release;
		};
		FC570EEF190EE2C900519802 /* Build configuration list for PBXNativeTarget "Routine" */ = {
			isa = XCConfigurationList;
			buildConfigurations = (
				FC570EF0190EE2C900519802 /* Debug */,
				FC570EF1190EE2C900519802 /* Release */,
			);
			defaultConfigurationIsVisible = 0;
			defaultConfigurationName = Release;
		};
		FC570EF2190EE2C900519802 /* Build configuration list for PBXNativeTarget "RoutineTests" */ = {
			isa = XCConfigurationList;
			buildConfigurations = (
				FC570EF3190EE2C900519802 /* Debug */,
				FC570EF4190EE2C900519802 /* Release */,
			);
			defaultConfigurationIsVisible = 0;
			defaultConfigurationName = Release;
		};
/* End XCConfigurationList section */
	};
	rootObject = FC570EB5190EE2C900519802 /* Project object */;
}
